
Microsoft Visual Studio Solution File, Format Version 12.00
# Visual Studio Version 17
VisualStudioVersion = 17.3.32922.545
MinimumVisualStudioVersion = 10.0.40219.1
Project("{8BC9CEB8-8B4A-11D0-8D11-00A0C91BC942}") = "MinimizeMealy", "MinimizeMealy\MinimizeMealy.vcxproj", "{AEA33307-1B23-4597-86F7-6C1485E0FF17}"
EndProject
Global
	GlobalSection(SolutionConfigurationPlatforms) = preSolution
		Debug|x64 = Debug|x64
		Debug|x86 = Debug|x86
		Release|x64 = Release|x64
		Release|x86 = Release|x86
	EndGlobalSection
	GlobalSection(ProjectConfigurationPlatforms) = postSolution
		{AEA33307-1B23-4597-86F7-6C1485E0FF17}.Debug|x64.ActiveCfg = Debug|x64
		{AEA33307-1B23-4597-86F7-6C1485E0FF17}.Debug|x64.Build.0 = Debug|x64
		{AEA33307-1B23-4597-86F7-6C1485E0FF17}.Debug|x86.ActiveCfg = Debug|Win32
		{AEA33307-1B23-4597-86F7-6C1485E0FF17}.Debug|x86.Build.0 = Debug|Win32
		{AEA33307-1B23-4597-86F7-6C1485E0FF17}.Release|x64.ActiveCfg = Release|x64
		{AEA33307-1B23-4597-86F7-6C1485E0FF17}.Release|x64.Build.0 = Release|x64
		{AEA33307-1B23-4597-86F7-6C1485E0FF17}.Release|x86.ActiveCfg = Release|Win32
		{AEA33307-1B23-4597-86F7-6C1485E0FF17}.Release|x86.Build.0 = Release|Win32
	EndGlobalSection
	GlobalSection(SolutionProperties) = preSolution
		HideSolutionNode = FALSE
	EndGlobalSection
	GlobalSection(ExtensibilityGlobals) = postSolution
		SolutionGuid = {D9B6446C-2B23-4D16-AE4E-F0FE53D56BCB}
	EndGlobalSection
EndGlobal
